# This is a Gradle generated file for dependency locking.
# Manual edits can break the build and are not advised.
# This file is expected to be part of source control.
dev.gradleplugins:gradle-api:4.9=compileClasspath
org.codehaus.groovy:groovy:2.4.12=compileClasspath
empty=annotationProcessor,runtimeClasspath,testAnnotationProcessor,testCompileClasspath,testRuntimeClasspath
